
Microsoft Visual Studio Solution File, Format Version 12.00
# Visual Studio Version 16
VisualStudioVersion = 16.0.29230.47
MinimumVisualStudioVersion = 10.0.40219.1
Project("{FAE04EC0-301F-11D3-BF4B-00C04F79EFBC}") = "NetworkAdapterMonitor", "NetworkAdapterTest\NetworkAdapterMonitor.csproj", "{2C1866AD-675B-4501-A807-7AE14540CCC0}"
EndProject
Project("{FAE04EC0-301F-11D3-BF4B-00C04F79EFBC}") = "NetworkTrafficLogger", "NetworkTrafficLogger\NetworkTrafficLogger.csproj", "{2DC4D466-0CDD-41A3-A59A-60410864451B}"
EndProject
Project("{FAE04EC0-301F-11D3-BF4B-00C04F79EFBC}") = "NetworkTrafficMonitor", "NetworkTrafficMonitor\NetworkTrafficMonitor.csproj", "{AD879D53-F7D8-42A3-9A29-B32F68C8906C}"
EndProject
Project("{FAE04EC0-301F-11D3-BF4B-00C04F79EFBC}") = "NetworkTrafficWatcherWPF", "NetworkTrafficWatcherWPF\NetworkTrafficWatcherWPF.csproj", "{E7D2CEF0-1854-43B3-92AD-3E778564BC3F}"
EndProject
Project("{FAE04EC0-301F-11D3-BF4B-00C04F79EFBC}") = "NetworkTrafficWatcherModel", "NetworkTrafficWatcherModel\NetworkTrafficWatcherModel.csproj", "{45BDCEDE-03EF-47F7-99DC-1BE17467CE0F}"
EndProject
Project("{FAE04EC0-301F-11D3-BF4B-00C04F79EFBC}") = "ViewModelBase", "ViewModelBase\ViewModelBase.csproj", "{251B4D74-7902-4930-A5F3-15A3728C754F}"
EndProject
Global
	GlobalSection(SolutionConfigurationPlatforms) = preSolution
		Debug|Any CPU = Debug|Any CPU
		Debug|x64 = Debug|x64
		Debug|x86 = Debug|x86
		Release|Any CPU = Release|Any CPU
		Release|x64 = Release|x64
		Release|x86 = Release|x86
	EndGlobalSection
	GlobalSection(ProjectConfigurationPlatforms) = postSolution
		{2C1866AD-675B-4501-A807-7AE14540CCC0}.Debug|Any CPU.ActiveCfg = Debug|Any CPU
		{2C1866AD-675B-4501-A807-7AE14540CCC0}.Debug|Any CPU.Build.0 = Debug|Any CPU
		{2C1866AD-675B-4501-A807-7AE14540CCC0}.Debug|x64.ActiveCfg = Debug|Any CPU
		{2C1866AD-675B-4501-A807-7AE14540CCC0}.Debug|x64.Build.0 = Debug|Any CPU
		{2C1866AD-675B-4501-A807-7AE14540CCC0}.Debug|x86.ActiveCfg = Debug|x86
		{2C1866AD-675B-4501-A807-7AE14540CCC0}.Debug|x86.Build.0 = Debug|x86
		{2C1866AD-675B-4501-A807-7AE14540CCC0}.Release|Any CPU.ActiveCfg = Release|Any CPU
		{2C1866AD-675B-4501-A807-7AE14540CCC0}.Release|Any CPU.Build.0 = Release|Any CPU
		{2C1866AD-675B-4501-A807-7AE14540CCC0}.Release|x64.ActiveCfg = Release|Any CPU
		{2C1866AD-675B-4501-A807-7AE14540CCC0}.Release|x64.Build.0 = Release|Any CPU
		{2C1866AD-675B-4501-A807-7AE14540CCC0}.Release|x86.ActiveCfg = Release|x86
		{2C1866AD-675B-4501-A807-7AE14540CCC0}.Release|x86.Build.0 = Release|x86
		{2DC4D466-0CDD-41A3-A59A-60410864451B}.Debug|Any CPU.ActiveCfg = Debug|Any CPU
		{2DC4D466-0CDD-41A3-A59A-60410864451B}.Debug|Any CPU.Build.0 = Debug|Any CPU
		{2DC4D466-0CDD-41A3-A59A-60410864451B}.Debug|x64.ActiveCfg = Debug|Any CPU
		{2DC4D466-0CDD-41A3-A59A-60410864451B}.Debug|x64.Build.0 = Debug|Any CPU
		{2DC4D466-0CDD-41A3-A59A-60410864451B}.Debug|x86.ActiveCfg = Debug|x86
		{2DC4D466-0CDD-41A3-A59A-60410864451B}.Debug|x86.Build.0 = Debug|x86
		{2DC4D466-0CDD-41A3-A59A-60410864451B}.Release|Any CPU.ActiveCfg = Release|Any CPU
		{2DC4D466-0CDD-41A3-A59A-60410864451B}.Release|Any CPU.Build.0 = Release|Any CPU
		{2DC4D466-0CDD-41A3-A59A-60410864451B}.Release|x64.ActiveCfg = Release|Any CPU
		{2DC4D466-0CDD-41A3-A59A-60410864451B}.Release|x64.Build.0 = Release|Any CPU
		{2DC4D466-0CDD-41A3-A59A-60410864451B}.Release|x86.ActiveCfg = Release|x86
		{2DC4D466-0CDD-41A3-A59A-60410864451B}.Release|x86.Build.0 = Release|x86
		{AD879D53-F7D8-42A3-9A29-B32F68C8906C}.Debug|Any CPU.ActiveCfg = Debug|Any CPU
		{AD879D53-F7D8-42A3-9A29-B32F68C8906C}.Debug|Any CPU.Build.0 = Debug|Any CPU
		{AD879D53-F7D8-42A3-9A29-B32F68C8906C}.Debug|x64.ActiveCfg = Debug|Any CPU
		{AD879D53-F7D8-42A3-9A29-B32F68C8906C}.Debug|x64.Build.0 = Debug|Any CPU
		{AD879D53-F7D8-42A3-9A29-B32F68C8906C}.Debug|x86.ActiveCfg = Debug|Any CPU
		{AD879D53-F7D8-42A3-9A29-B32F68C8906C}.Debug|x86.Build.0 = Debug|Any CPU
		{AD879D53-F7D8-42A3-9A29-B32F68C8906C}.Release|Any CPU.ActiveCfg = Release|Any CPU
		{AD879D53-F7D8-42A3-9A29-B32F68C8906C}.Release|Any CPU.Build.0 = Release|Any CPU
		{AD879D53-F7D8-42A3-9A29-B32F68C8906C}.Release|x64.ActiveCfg = Release|Any CPU
		{AD879D53-F7D8-42A3-9A29-B32F68C8906C}.Release|x64.Build.0 = Release|Any CPU
		{AD879D53-F7D8-42A3-9A29-B32F68C8906C}.Release|x86.ActiveCfg = Release|Any CPU
		{AD879D53-F7D8-42A3-9A29-B32F68C8906C}.Release|x86.Build.0 = Release|Any CPU
		{E7D2CEF0-1854-43B3-92AD-3E778564BC3F}.Debug|Any CPU.ActiveCfg = Debug|Any CPU
		{E7D2CEF0-1854-43B3-92AD-3E778564BC3F}.Debug|Any CPU.Build.0 = Debug|Any CPU
		{E7D2CEF0-1854-43B3-92AD-3E778564BC3F}.Debug|x64.ActiveCfg = Debug|Any CPU
		{E7D2CEF0-1854-43B3-92AD-3E778564BC3F}.Debug|x64.Build.0 = Debug|Any CPU
		{E7D2CEF0-1854-43B3-92AD-3E778564BC3F}.Debug|x86.ActiveCfg = Debug|Any CPU
		{E7D2CEF0-1854-43B3-92AD-3E778564BC3F}.Debug|x86.Build.0 = Debug|Any CPU
		{E7D2CEF0-1854-43B3-92AD-3E778564BC3F}.Release|Any CPU.ActiveCfg = Release|Any CPU
		{E7D2CEF0-1854-43B3-92AD-3E778564BC3F}.Release|Any CPU.Build.0 = Release|Any CPU
		{E7D2CEF0-1854-43B3-92AD-3E778564BC3F}.Release|x64.ActiveCfg = Release|Any CPU
		{E7D2CEF0-1854-43B3-92AD-3E778564BC3F}.Release|x64.Build.0 = Release|Any CPU
		{E7D2CEF0-1854-43B3-92AD-3E778564BC3F}.Release|x86.ActiveCfg = Release|Any CPU
		{E7D2CEF0-1854-43B3-92AD-3E778564BC3F}.Release|x86.Build.0 = Release|Any CPU
		{45BDCEDE-03EF-47F7-99DC-1BE17467CE0F}.Debug|Any CPU.ActiveCfg = Debug|Any CPU
		{45BDCEDE-03EF-47F7-99DC-1BE17467CE0F}.Debug|Any CPU.Build.0 = Debug|Any CPU
		{45BDCEDE-03EF-47F7-99DC-1BE17467CE0F}.Debug|x64.ActiveCfg = Debug|Any CPU
		{45BDCEDE-03EF-47F7-99DC-1BE17467CE0F}.Debug|x64.Build.0 = Debug|Any CPU
		{45BDCEDE-03EF-47F7-99DC-1BE17467CE0F}.Debug|x86.ActiveCfg = Debug|Any CPU
		{45BDCEDE-03EF-47F7-99DC-1BE17467CE0F}.Debug|x86.Build.0 = Debug|Any CPU
		{45BDCEDE-03EF-47F7-99DC-1BE17467CE0F}.Release|Any CPU.ActiveCfg = Release|Any CPU
		{45BDCEDE-03EF-47F7-99DC-1BE17467CE0F}.Release|Any CPU.Build.0 = Release|Any CPU
		{45BDCEDE-03EF-47F7-99DC-1BE17467CE0F}.Release|x64.ActiveCfg = Release|Any CPU
		{45BDCEDE-03EF-47F7-99DC-1BE17467CE0F}.Release|x64.Build.0 = Release|Any CPU
		{45BDCEDE-03EF-47F7-99DC-1BE17467CE0F}.Release|x86.ActiveCfg = Release|Any CPU
		{45BDCEDE-03EF-47F7-99DC-1BE17467CE0F}.Release|x86.Build.0 = Release|Any CPU
		{251B4D74-7902-4930-A5F3-15A3728C754F}.Debug|Any CPU.ActiveCfg = Debug|Any CPU
		{251B4D74-7902-4930-A5F3-15A3728C754F}.Debug|Any CPU.Build.0 = Debug|Any CPU
		{251B4D74-7902-4930-A5F3-15A3728C754F}.Debug|x64.ActiveCfg = Debug|Any CPU
		{251B4D74-7902-4930-A5F3-15A3728C754F}.Debug|x64.Build.0 = Debug|Any CPU
		{251B4D74-7902-4930-A5F3-15A3728C754F}.Debug|x86.ActiveCfg = Debug|x86
		{251B4D74-7902-4930-A5F3-15A3728C754F}.Debug|x86.Build.0 = Debug|x86
		{251B4D74-7902-4930-A5F3-15A3728C754F}.Release|Any CPU.ActiveCfg = Release|Any CPU
		{251B4D74-7902-4930-A5F3-15A3728C754F}.Release|Any CPU.Build.0 = Release|Any CPU
		{251B4D74-7902-4930-A5F3-15A3728C754F}.Release|x64.ActiveCfg = Release|Any CPU
		{251B4D74-7902-4930-A5F3-15A3728C754F}.Release|x64.Build.0 = Release|Any CPU
		{251B4D74-7902-4930-A5F3-15A3728C754F}.Release|x86.ActiveCfg = Release|x86
		{251B4D74-7902-4930-A5F3-15A3728C754F}.Release|x86.Build.0 = Release|x86
	EndGlobalSection
	GlobalSection(SolutionProperties) = preSolution
		HideSolutionNode = FALSE
	EndGlobalSection
	GlobalSection(ExtensibilityGlobals) = postSolution
		SolutionGuid = {DCAB90DC-B696-41AB-A623-1F4CF9789387}
	EndGlobalSection
EndGlobal
