
Microsoft Visual Studio Solution File, Format Version 12.00
# Visual Studio Version 16
VisualStudioVersion = 16.0.29230.47
MinimumVisualStudioVersion = 10.0.40219.1
Project("{FAE04EC0-301F-11D3-BF4B-00C04F79EFBC}") = "NetworkAdapterMonitor", "NetworkAdapterTest\NetworkAdapterMonitor.csproj", "{2C1866AD-675B-4501-A807-7AE14540CCC0}"
EndProject
Project("{FAE04EC0-301F-11D3-BF4B-00C04F79EFBC}") = "NetworkTrafficLogger", "NetworkTrafficLogger\NetworkTrafficLogger.csproj", "{2DC4D466-0CDD-41A3-A59A-60410864451B}"
EndProject
Project("{FAE04EC0-301F-11D3-BF4B-00C04F79EFBC}") = "NetworkTrafficMonitor", "NetworkTrafficMonitor\NetworkTrafficMonitor.csproj", "{AD879D53-F7D8-42A3-9A29-B32F68C8906C}"
EndProject
Global
	GlobalSection(SolutionConfigurationPlatforms) = preSolution
		Debug|Any CPU = Debug|Any CPU
		Debug|x64 = Debug|x64
		Debug|x86 = Debug|x86
		Release|Any CPU = Release|Any CPU
		Release|x64 = Release|x64
		Release|x86 = Release|x86
	EndGlobalSection
	GlobalSection(ProjectConfigurationPlatforms) = postSolution
		{2C1866AD-675B-4501-A807-7AE14540CCC0}.Debug|Any CPU.ActiveCfg = Debug|Any CPU
		{2C1866AD-675B-4501-A807-7AE14540CCC0}.Debug|Any CPU.Build.0 = Debug|Any CPU
		{2C1866AD-675B-4501-A807-7AE14540CCC0}.Debug|x64.ActiveCfg = Debug|x64
		{2C1866AD-675B-4501-A807-7AE14540CCC0}.Debug|x64.Build.0 = Debug|x64
		{2C1866AD-675B-4501-A807-7AE14540CCC0}.Debug|x86.ActiveCfg = Debug|x86
		{2C1866AD-675B-4501-A807-7AE14540CCC0}.Debug|x86.Build.0 = Debug|x86
		{2C1866AD-675B-4501-A807-7AE14540CCC0}.Release|Any CPU.ActiveCfg = Release|Any CPU
		{2C1866AD-675B-4501-A807-7AE14540CCC0}.Release|Any CPU.Build.0 = Release|Any CPU
		{2C1866AD-675B-4501-A807-7AE14540CCC0}.Release|x64.ActiveCfg = Release|Any CPU
		{2C1866AD-675B-4501-A807-7AE14540CCC0}.Release|x64.Build.0 = Release|Any CPU
		{2C1866AD-675B-4501-A807-7AE14540CCC0}.Release|x86.ActiveCfg = Release|x86
		{2C1866AD-675B-4501-A807-7AE14540CCC0}.Release|x86.Build.0 = Release|x86
		{2DC4D466-0CDD-41A3-A59A-60410864451B}.Debug|Any CPU.ActiveCfg = Debug|Any CPU
		{2DC4D466-0CDD-41A3-A59A-60410864451B}.Debug|Any CPU.Build.0 = Debug|Any CPU
		{2DC4D466-0CDD-41A3-A59A-60410864451B}.Debug|x64.ActiveCfg = Debug|x64
		{2DC4D466-0CDD-41A3-A59A-60410864451B}.Debug|x64.Build.0 = Debug|x64
		{2DC4D466-0CDD-41A3-A59A-60410864451B}.Debug|x86.ActiveCfg = Debug|x86
		{2DC4D466-0CDD-41A3-A59A-60410864451B}.Debug|x86.Build.0 = Debug|x86
		{2DC4D466-0CDD-41A3-A59A-60410864451B}.Release|Any CPU.ActiveCfg = Release|Any CPU
		{2DC4D466-0CDD-41A3-A59A-60410864451B}.Release|Any CPU.Build.0 = Release|Any CPU
		{2DC4D466-0CDD-41A3-A59A-60410864451B}.Release|x64.ActiveCfg = Release|Any CPU
		{2DC4D466-0CDD-41A3-A59A-60410864451B}.Release|x64.Build.0 = Release|Any CPU
		{2DC4D466-0CDD-41A3-A59A-60410864451B}.Release|x86.ActiveCfg = Release|x86
		{2DC4D466-0CDD-41A3-A59A-60410864451B}.Release|x86.Build.0 = Release|x86
		{AD879D53-F7D8-42A3-9A29-B32F68C8906C}.Debug|Any CPU.ActiveCfg = Debug|Any CPU
		{AD879D53-F7D8-42A3-9A29-B32F68C8906C}.Debug|Any CPU.Build.0 = Debug|Any CPU
		{AD879D53-F7D8-42A3-9A29-B32F68C8906C}.Debug|x64.ActiveCfg = Debug|Any CPU
		{AD879D53-F7D8-42A3-9A29-B32F68C8906C}.Debug|x64.Build.0 = Debug|Any CPU
		{AD879D53-F7D8-42A3-9A29-B32F68C8906C}.Debug|x86.ActiveCfg = Debug|Any CPU
		{AD879D53-F7D8-42A3-9A29-B32F68C8906C}.Debug|x86.Build.0 = Debug|Any CPU
		{AD879D53-F7D8-42A3-9A29-B32F68C8906C}.Release|Any CPU.ActiveCfg = Release|Any CPU
		{AD879D53-F7D8-42A3-9A29-B32F68C8906C}.Release|Any CPU.Build.0 = Release|Any CPU
		{AD879D53-F7D8-42A3-9A29-B32F68C8906C}.Release|x64.ActiveCfg = Release|Any CPU
		{AD879D53-F7D8-42A3-9A29-B32F68C8906C}.Release|x64.Build.0 = Release|Any CPU
		{AD879D53-F7D8-42A3-9A29-B32F68C8906C}.Release|x86.ActiveCfg = Release|Any CPU
		{AD879D53-F7D8-42A3-9A29-B32F68C8906C}.Release|x86.Build.0 = Release|Any CPU
	EndGlobalSection
	GlobalSection(SolutionProperties) = preSolution
		HideSolutionNode = FALSE
	EndGlobalSection
	GlobalSection(ExtensibilityGlobals) = postSolution
		SolutionGuid = {DCAB90DC-B696-41AB-A623-1F4CF9789387}
	EndGlobalSection
EndGlobal
