
Microsoft Visual Studio Solution File, Format Version 12.00
# Visual Studio Version 16
VisualStudioVersion = 16.0.29230.47
MinimumVisualStudioVersion = 10.0.40219.1
Project("{FAE04EC0-301F-11D3-BF4B-00C04F79EFBC}") = "NetworkAdapterTest", "NetworkAdapterTest\NetworkAdapterTest.csproj", "{2C1866AD-675B-4501-A807-7AE14540CCC0}"
EndProject
Project("{FAE04EC0-301F-11D3-BF4B-00C04F79EFBC}") = "NetworkTrafficLogger", "NetworkTrafficLogger\NetworkTrafficLogger.csproj", "{2DC4D466-0CDD-41A3-A59A-60410864451B}"
EndProject
Project("{FAE04EC0-301F-11D3-BF4B-00C04F79EFBC}") = "SQLiteHandler", "SQLiteHandler\SQLiteHandler.csproj", "{04F87622-BC82-4523-B0CA-F42CF72FCA58}"
EndProject
Global
	GlobalSection(SolutionConfigurationPlatforms) = preSolution
		Debug|Any CPU = Debug|Any CPU
		Debug|x64 = Debug|x64
		Release|Any CPU = Release|Any CPU
		Release|x64 = Release|x64
	EndGlobalSection
	GlobalSection(ProjectConfigurationPlatforms) = postSolution
		{2C1866AD-675B-4501-A807-7AE14540CCC0}.Debug|Any CPU.ActiveCfg = Debug|Any CPU
		{2C1866AD-675B-4501-A807-7AE14540CCC0}.Debug|Any CPU.Build.0 = Debug|Any CPU
		{2C1866AD-675B-4501-A807-7AE14540CCC0}.Debug|x64.ActiveCfg = Debug|Any CPU
		{2C1866AD-675B-4501-A807-7AE14540CCC0}.Debug|x64.Build.0 = Debug|Any CPU
		{2C1866AD-675B-4501-A807-7AE14540CCC0}.Release|Any CPU.ActiveCfg = Release|Any CPU
		{2C1866AD-675B-4501-A807-7AE14540CCC0}.Release|Any CPU.Build.0 = Release|Any CPU
		{2C1866AD-675B-4501-A807-7AE14540CCC0}.Release|x64.ActiveCfg = Release|Any CPU
		{2C1866AD-675B-4501-A807-7AE14540CCC0}.Release|x64.Build.0 = Release|Any CPU
		{2DC4D466-0CDD-41A3-A59A-60410864451B}.Debug|Any CPU.ActiveCfg = Debug|Any CPU
		{2DC4D466-0CDD-41A3-A59A-60410864451B}.Debug|Any CPU.Build.0 = Debug|Any CPU
		{2DC4D466-0CDD-41A3-A59A-60410864451B}.Debug|x64.ActiveCfg = Debug|Any CPU
		{2DC4D466-0CDD-41A3-A59A-60410864451B}.Debug|x64.Build.0 = Debug|Any CPU
		{2DC4D466-0CDD-41A3-A59A-60410864451B}.Release|Any CPU.ActiveCfg = Release|Any CPU
		{2DC4D466-0CDD-41A3-A59A-60410864451B}.Release|Any CPU.Build.0 = Release|Any CPU
		{2DC4D466-0CDD-41A3-A59A-60410864451B}.Release|x64.ActiveCfg = Release|Any CPU
		{2DC4D466-0CDD-41A3-A59A-60410864451B}.Release|x64.Build.0 = Release|Any CPU
		{04F87622-BC82-4523-B0CA-F42CF72FCA58}.Debug|Any CPU.ActiveCfg = Debug|Any CPU
		{04F87622-BC82-4523-B0CA-F42CF72FCA58}.Debug|Any CPU.Build.0 = Debug|Any CPU
		{04F87622-BC82-4523-B0CA-F42CF72FCA58}.Debug|x64.ActiveCfg = Debug|x64
		{04F87622-BC82-4523-B0CA-F42CF72FCA58}.Debug|x64.Build.0 = Debug|x64
		{04F87622-BC82-4523-B0CA-F42CF72FCA58}.Release|Any CPU.ActiveCfg = Release|Any CPU
		{04F87622-BC82-4523-B0CA-F42CF72FCA58}.Release|Any CPU.Build.0 = Release|Any CPU
		{04F87622-BC82-4523-B0CA-F42CF72FCA58}.Release|x64.ActiveCfg = Release|x64
		{04F87622-BC82-4523-B0CA-F42CF72FCA58}.Release|x64.Build.0 = Release|x64
	EndGlobalSection
	GlobalSection(SolutionProperties) = preSolution
		HideSolutionNode = FALSE
	EndGlobalSection
	GlobalSection(ExtensibilityGlobals) = postSolution
		SolutionGuid = {DCAB90DC-B696-41AB-A623-1F4CF9789387}
	EndGlobalSection
EndGlobal
